
Microsoft Visual Studio Solution File, Format Version 12.00
# Visual Studio 15
VisualStudioVersion = 15.0.28307.329
MinimumVisualStudioVersion = 10.0.40219.1
Project("{FAE04EC0-301F-11D3-BF4B-00C04F79EFBC}") = "OpenRaBenchGenerator", "OpenRaBenchGenerator\OpenRaBenchGenerator.csproj", "{0E270AC3-BF1F-494D-AD7F-40B2D17BA402}"
EndProject
Global
	GlobalSection(SolutionConfigurationPlatforms) = preSolution
		Debug|Any CPU = Debug|Any CPU
		Release|Any CPU = Release|Any CPU
	EndGlobalSection
	GlobalSection(ProjectConfigurationPlatforms) = postSolution
		{0E270AC3-BF1F-494D-AD7F-40B2D17BA402}.Debug|Any CPU.ActiveCfg = Debug|Any CPU
		{0E270AC3-BF1F-494D-AD7F-40B2D17BA402}.Debug|Any CPU.Build.0 = Debug|Any CPU
		{0E270AC3-BF1F-494D-AD7F-40B2D17BA402}.Release|Any CPU.ActiveCfg = Release|Any CPU
		{0E270AC3-BF1F-494D-AD7F-40B2D17BA402}.Release|Any CPU.Build.0 = Release|Any CPU
	EndGlobalSection
	GlobalSection(SolutionProperties) = preSolution
		HideSolutionNode = FALSE
	EndGlobalSection
	GlobalSection(ExtensibilityGlobals) = postSolution
		SolutionGuid = {EC6EE1D3-35EA-488D-8B0D-910B78088C92}
	EndGlobalSection
EndGlobal
